Microsoft Visual Studio Solution File, Format Version 12.00
# Visual Studio 2012
Project("{FAE04EC0-301F-11D3-BF4B-00C04F79EFBC}") = "PlaneShooting", "PlaneShooting.csproj", "{1C7B20F3-5430-47C7-988D-0A360C4E9CDB}"
EndProject
Global
	GlobalSection(SolutionConfigurationPlatforms) = preSolution
	Debug|Any CPU = Debug|Any CPU
	ExportDebug|Any CPU = ExportDebug|Any CPU
	ExportRelease|Any CPU = ExportRelease|Any CPU
	EndGlobalSection
	GlobalSection(ProjectConfigurationPlatforms) = postSolution
		{1C7B20F3-5430-47C7-988D-0A360C4E9CDB}.Debug|Any CPU.ActiveCfg = Debug|Any CPU
		{1C7B20F3-5430-47C7-988D-0A360C4E9CDB}.Debug|Any CPU.Build.0 = Debug|Any CPU
		{1C7B20F3-5430-47C7-988D-0A360C4E9CDB}.ExportDebug|Any CPU.ActiveCfg = ExportDebug|Any CPU
		{1C7B20F3-5430-47C7-988D-0A360C4E9CDB}.ExportDebug|Any CPU.Build.0 = ExportDebug|Any CPU
		{1C7B20F3-5430-47C7-988D-0A360C4E9CDB}.ExportRelease|Any CPU.ActiveCfg = ExportRelease|Any CPU
		{1C7B20F3-5430-47C7-988D-0A360C4E9CDB}.ExportRelease|Any CPU.Build.0 = ExportRelease|Any CPU
	EndGlobalSection
EndGlobal
