
Microsoft Visual Studio Solution File, Format Version 12.00
Project("{FAE04EC0-301F-11D3-BF4B-00C04F79EFBC}") = "Script_Compiler", "Script_Compiler\Script_Compiler.csproj", "{13E4E504-6C7F-4892-9D27-0F5AC6300A27}"
EndProject
Global
	GlobalSection(SolutionConfigurationPlatforms) = preSolution
		Debug|Any CPU = Debug|Any CPU
		Release|Any CPU = Release|Any CPU
	EndGlobalSection
	GlobalSection(ProjectConfigurationPlatforms) = postSolution
		{13E4E504-6C7F-4892-9D27-0F5AC6300A27}.Debug|Any CPU.ActiveCfg = Debug|Any CPU
		{13E4E504-6C7F-4892-9D27-0F5AC6300A27}.Debug|Any CPU.Build.0 = Debug|Any CPU
		{13E4E504-6C7F-4892-9D27-0F5AC6300A27}.Release|Any CPU.ActiveCfg = Release|Any CPU
		{13E4E504-6C7F-4892-9D27-0F5AC6300A27}.Release|Any CPU.Build.0 = Release|Any CPU
	EndGlobalSection
EndGlobal
